#MicroXplorer Configuration settings - do not modify
Mcu.Family=STM32G0
ProjectManager.MainLocation=Core/Src
RCC.USART1Freq_Value=63000000
TIM17.Prescaler=500
RCC.CortexFreq_Value=63000000
VP_TIM17_VS_ClockSourceINT.Mode=Enable_Timer
ProjectManager.KeepUserCode=true
Mcu.UserName=STM32G030C8Tx
TIM1.IPParameters=AutoReloadPreload
SH.S_TIM1_ETR.0=TIM1_ETR,ClockSourceETR_Mode2
PA12\ [PA10].GPIO_Label=AM_FREQUENCY
PA0.GPIO_Label=FREQUENCY_CALIBRATION
PA14-BOOT0.Mode=Serial_Wire
ProjectManager.functionlistsort=1-MX_GPIO_Init-GPIO-false-HAL-true,2-SystemClock_Config-RCC-false-HAL-false,3-MX_TIM1_Init-TIM1-false-HAL-true,4-MX_TIM3_Init-TIM3-false-HAL-true,5-MX_TIM14_Init-TIM14-false-HAL-true,6-MX_TIM16_Init-TIM16-false-HAL-true,7-MX_TIM17_Init-TIM17-false-HAL-true
PA3.GPIOParameters=GPIO_Label
PB0.GPIO_Label=DP_A
PA6.GPIO_Label=DP_C
PD2.Locked=true
PD2.GPIOParameters=GPIO_Label
NVIC.SVC_IRQn=true\:0\:0\:false\:false\:true\:false\:false
PB11.Signal=GPIO_Output
PA2.GPIOParameters=GPIO_Label
PinOutPanel.RotationAngle=0
PF0-OSC_IN\ (PF0).Signal=RCC_OSC_IN
RCC.MCO1PinFreq_Value=63000000
RCC.SYSCLKSource=RCC_SYSCLKSOURCE_PLLCLK
ProjectManager.StackSize=0x400
Mcu.IP4=TIM1
RCC.FCLKCortexFreq_Value=63000000
Mcu.IP5=TIM3
Mcu.IP2=RCC
Mcu.IP3=SYS
Mcu.IP0=ADC1
Mcu.IP1=NVIC
Mcu.UserConstants=
Mcu.ThirdPartyNb=0
NVIC.TIM17_IRQn=true\:0\:0\:false\:false\:true\:true\:true
RCC.HCLKFreq_Value=63000000
PA12\ [PA10].Signal=S_TIM1_ETR
Mcu.IPNb=9
ProjectManager.PreviousToolchain=
Mcu.Pin6=PA4
Mcu.Pin7=PA5
TIM17.IPParameters=Prescaler,Period
Mcu.Pin8=PA6
Mcu.Pin9=PA7
RCC.AHBFreq_Value=63000000
Mcu.Pin0=PF0-OSC_IN (PF0)
Mcu.Pin1=PF1-OSC_OUT (PF1)
PA14-BOOT0.Signal=SYS_SWCLK
GPIO.groupedBy=Group By Peripherals
Mcu.Pin2=PA0
Mcu.Pin3=PA1
Mcu.Pin4=PA2
Mcu.Pin5=PA3
ADC1.Channel-0\#ChannelRegularConversion=ADC_CHANNEL_0
ProjectManager.ProjectBuild=false
RCC.HSE_VALUE=16000000
PA0.Locked=true
PB2.Signal=GPIO_Output
PA4.Locked=true
TIM14.Period=900
NVIC.SysTick_IRQn=true\:0\:0\:false\:false\:true\:false\:true
PB12.GPIO_Label=DP_D1
PA12\ [PA10].GPIOParameters=GPIO_Label
TIM17.Period=250
ProjectManager.FirmwarePackage=STM32Cube FW_G0 V1.4.1
MxDb.Version=DB.6.0.21
PB0.GPIOParameters=GPIO_Label
PA1.GPIOParameters=GPIO_Label
ProjectManager.BackupPrevious=false
RCC.VCOInputFreq_Value=4000000
PB1.GPIO_Label=DP_D5
File.Version=6
PA0.Mode=IN0
PB7.Signal=GPIO_Input
PB8.Locked=true
RCC.PLLRCLKFreq_Value=63000000
NVIC.PendSV_IRQn=true\:0\:0\:false\:false\:true\:false\:false
PF1-OSC_OUT\ (PF1).Mode=HSE-External-Oscillator
ProjectManager.HalAssertFull=false
PB0.Locked=true
ADC1.SamplingTime-0\#ChannelRegularConversion=ADC_SAMPLINGTIME_COMMON_1
ProjectManager.ProjectName=Zaehler-Modul
PA0.Signal=ADC1_IN0
SH.S_TIM3_ETR.ConfNb=1
PB7.GPIO_Label=AM_FM
ADC1.SelectedChannel=ADC_CHANNEL_0
PB9.Signal=GPIO_Output
Mcu.Package=LQFP48
PB1.Signal=GPIO_Output
PA6.Signal=GPIO_Output
PA7.Locked=true
PA5.Locked=true
RCC.APBFreq_Value=63000000
ProjectManager.ToolChainLocation=
PA2.GPIO_Label=DP_G
RCC.LSI_VALUE=32000
VP_SYS_VS_Systick.Signal=SYS_VS_Systick
RCC.LSCOPinFreq_Value=32000
PA5.GPIOParameters=GPIO_Label
PA12\ [PA10].Locked=true
RCC.PLLPoutputFreq_Value=126000000
PB10.GPIOParameters=GPIO_Label
VP_TIM14_VS_ClockSourceINT.Mode=Enable_Timer
TIM16.Prescaler=1000
TIM14.IPParameters=Prescaler,Period
PA4.GPIO_Label=DP_E
ProjectManager.CustomerFirmwarePackage=
PA3.Signal=GPIO_Output
PA2.Locked=true
PA6.GPIOParameters=GPIO_Label
PB7.GPIO_PuPd=GPIO_PULLUP
RCC.PLLSourceVirtual=RCC_PLLSOURCE_HSE
NVIC.TIM14_IRQn=true\:0\:0\:false\:false\:true\:true\:true
ProjectManager.ProjectFileName=Zaehler-Modul.ioc
PB8.GPIOParameters=GPIO_PuPd,GPIO_Label
ADC1.Rank-0\#ChannelRegularConversion=1
PB9.GPIO_Label=LED_FM_CHANNEL
Mcu.PinsNb=27
VP_TIM14_VS_ClockSourceINT.Signal=TIM14_VS_ClockSourceINT
TIM3.AutoReloadPreload=TIM_AUTORELOAD_PRELOAD_ENABLE
ProjectManager.NoMain=false
ADC1.IPParameters=Rank-0\#ChannelRegularConversion,Channel-0\#ChannelRegularConversion,SamplingTime-0\#ChannelRegularConversion,NbrOfConversionFlag,master,SelectedChannel
PB8.GPIO_PuPd=GPIO_PULLUP
PB11.GPIO_Label=DP_D2
RCC.EXTERNAL_CLOCK_VALUE=12288000
ProjectManager.DefaultFWLocation=true
VP_TIM16_VS_ClockSourceINT.Mode=Enable_Timer
NVIC.TIM16_IRQn=true\:0\:0\:false\:false\:true\:true\:true
PB12.Locked=true
ProjectManager.DeletePrevious=true
PB10.Locked=true
VP_TIM17_VS_ClockSourceINT.Signal=TIM17_VS_ClockSourceINT
RCC.FamilyName=M
PB9.GPIOParameters=GPIO_Label
PF0-OSC_IN\ (PF0).Mode=HSE-External-Oscillator
PA13.Signal=SYS_SWDIO
TIM1.AutoReloadPreload=TIM_AUTORELOAD_PRELOAD_ENABLE
PB8.GPIO_Label=BUTTON_FM_CHANNEL
SH.S_TIM1_ETR.ConfNb=1
ProjectManager.TargetToolchain=STM32CubeIDE
PB10.GPIO_Label=DP_D3
PB7.GPIOParameters=GPIO_PuPd,GPIO_Label
PB2.GPIOParameters=GPIO_Label
RCC.I2S1Freq_Value=63000000
PB11.GPIOParameters=GPIO_Label
PB9.Locked=true
ProjectManager.RegisterCallBack=
RCC.LSE_VALUE=32768
PA1.Signal=GPIO_Output
PB1.Locked=true
PB10.Signal=GPIO_Output
PA5.Signal=GPIO_Output
board=custom
RCC.VCOOutputFreq_Value=252000000
ProjectManager.LastFirmware=true
TIM16.Period=900
MxCube.Version=6.2.1
RCC.I2C1Freq_Value=63000000
RCC.ADCFreq_Value=63000000
PA1.GPIO_Label=DP_DOT
VP_SYS_VS_Systick.Mode=SysTick
TIM3.IPParameters=AutoReloadPreload
VP_TIM16_VS_ClockSourceINT.Signal=TIM16_VS_ClockSourceINT
NVIC.NonMaskableInt_IRQn=true\:0\:0\:false\:false\:true\:false\:false
PA4.GPIOParameters=GPIO_Label
PA13.Mode=Serial_Wire
ProjectManager.FreePins=false
RCC.IPParameters=ADCFreq_Value,AHBFreq_Value,APBFreq_Value,APBTimFreq_Value,CortexFreq_Value,EXTERNAL_CLOCK_VALUE,FCLKCortexFreq_Value,FamilyName,HCLKFreq_Value,HSE_VALUE,HSI_VALUE,I2C1Freq_Value,I2S1Freq_Value,LSCOPinFreq_Value,LSE_VALUE,LSI_VALUE,MCO1PinFreq_Value,PLLM,PLLN,PLLPoutputFreq_Value,PLLR,PLLRCLKFreq_Value,PLLSourceVirtual,PWRFreq_Value,SYSCLKFreq_VALUE,SYSCLKSource,USART1Freq_Value,VCOInputFreq_Value,VCOOutputFreq_Value
ProjectManager.AskForMigrate=true
Mcu.Name=STM32G030C(6-8)Tx
SH.S_TIM3_ETR.0=TIM3_ETR,ClockSourceETR_Mode2
Mcu.Pin26=VP_TIM17_VS_ClockSourceINT
TIM14.Prescaler=1000
PA2.Signal=GPIO_Output
Mcu.Pin24=VP_TIM14_VS_ClockSourceINT
ProjectManager.UnderRoot=true
Mcu.Pin25=VP_TIM16_VS_ClockSourceINT
PB2.Locked=true
Mcu.IP8=TIM17
NVIC.TIM1_CC_IRQn=true\:0\:0\:false\:false\:true\:true\:true
Mcu.IP6=TIM14
Mcu.IP7=TIM16
ProjectManager.CoupleFile=false
PA4.Signal=GPIO_Output
RCC.APBTimFreq_Value=63000000
RCC.SYSCLKFreq_VALUE=63000000
Mcu.Pin22=PB9
Mcu.Pin23=VP_SYS_VS_Systick
PA1.Locked=true
PA7.GPIO_Label=DP_B
Mcu.Pin20=PB7
ADC1.master=1
PA3.Locked=true
Mcu.Pin21=PB8
PF1-OSC_OUT\ (PF1).Signal=RCC_OSC_OUT
PA5.GPIO_Label=DP_D
NVIC.ForceEnableDMAVector=true
KeepUserPlacement=false
ProjectManager.CompilerOptimize=6
PB2.GPIO_Label=DP_D4
ProjectManager.HeapSize=0x200
PA0.GPIOParameters=GPIO_Label
Mcu.Pin15=PB12
NVIC.HardFault_IRQn=true\:0\:0\:false\:false\:true\:false\:false
Mcu.Pin16=PA12 [PA10]
Mcu.Pin13=PB10
Mcu.Pin14=PB11
Mcu.Pin19=PD2
ProjectManager.ComputerToolchain=false
Mcu.Pin17=PA13
RCC.HSI_VALUE=16000000
Mcu.Pin18=PA14-BOOT0
RCC.PLLR=RCC_PLLR_DIV4
ADC1.NbrOfConversionFlag=1
Mcu.Pin11=PB1
Mcu.Pin12=PB2
RCC.PLLM=RCC_PLLM_DIV4
RCC.PLLN=63
Mcu.Pin10=PB0
PB7.Locked=true
PB8.Signal=GPIO_Input
RCC.PWRFreq_Value=63000000
TIM16.IPParameters=Prescaler,Period
PD2.Signal=S_TIM3_ETR
PB0.Signal=GPIO_Output
PA7.GPIOParameters=GPIO_Label
NVIC.TIM1_BRK_UP_TRG_COM_IRQn=true\:0\:0\:false\:false\:true\:true\:true
PB11.Locked=true
ProjectManager.DeviceId=STM32G030C8Tx
PB12.GPIOParameters=GPIO_Label
PB12.Signal=GPIO_Output
PD2.GPIO_Label=FM_FREQUENCY
ProjectManager.LibraryCopy=1
PA3.GPIO_Label=DP_F
PB1.GPIOParameters=GPIO_Label
PA7.Signal=GPIO_Output
PA6.Locked=true
isbadioc=false
